// !$*UTF8*$!
{
	archiveVersion = 1;
	classes = {
	};
	objectVersion = 46;
	objects = {

/* Begin PBXBuildFile section */
		430C54B21F15FC81006B8FC3 /* AppDelegate.swift in Sources */ = {isa = PBXBuildFile; fileRef = 430C54B11F15FC81006B8FC3 /* AppDelegate.swift */; };
		430C54B41F15FC81006B8FC3 /* ViewController.swift in Sources */ = {isa = PBXBuildFile; fileRef = 430C54B31F15FC81006B8FC3 /* ViewController.swift */; };
		430C54B71F15FC81006B8FC3 /* Main.storyboard in Resources */ = {isa = PBXBuildFile; fileRef = 430C54B51F15FC81006B8FC3 /* Main.storyboard */; };
		430C54B91F15FC81006B8FC3 /* Assets.xcassets in Resources */ = {isa = PBXBuildFile; fileRef = 430C54B81F15FC81006B8FC3 /* Assets.xcassets */; };
		430C54BC1F15FC81006B8FC3 /* LaunchScreen.storyboard in Resources */ = {isa = PBXBuildFile; fileRef = 430C54BA1F15FC81006B8FC3 /* LaunchScreen.storyboard */; };
		43B0E8B51F161C560052C687 /* DetailViewController.swift in Sources */ = {isa = PBXBuildFile; fileRef = 43B0E8B41F161C560052C687 /* DetailViewController.swift */; };
/* End PBXBuildFile section */

/* Begin PBXFileReference section */
		430C54AE1F15FC81006B8FC3 /* PassingData.app */ = {isa = PBXFileReference; explicitFileType = wrapper.application; includeInIndex = 0; path = PassingData.app; sourceTree = BUILT_PRODUCTS_DIR; };
		430C54B11F15FC81006B8FC3 /* AppDelegate.swift */ = {isa = PBXFileReference; lastKnownFileType = sourcecode.swift; path = AppDelegate.swift; sourceTree = "<group>"; };
		430C54B31F15FC81006B8FC3 /* ViewController.swift */ = {isa = PBXFileReference; lastKnownFileType = sourcecode.swift; path = ViewController.swift; sourceTree = "<group>"; };
		430C54B61F15FC81006B8FC3 /* Base */ = {isa = PBXFileReference; lastKnownFileType = file.storyboard; name = Base; path = Base.lproj/Main.storyboard; sourceTree = "<group>"; };
		430C54B81F15FC81006B8FC3 /* Assets.xcassets */ = {isa = PBXFileReference; lastKnownFileType = folder.assetcatalog; path = Assets.xcassets; sourceTree = "<group>"; };
		430C54BB1F15FC81006B8FC3 /* Base */ = {isa = PBXFileReference; lastKnownFileType = file.storyboard; name = Base; path = Base.lproj/LaunchScreen.storyboard; sourceTree = "<group>"; };
		430C54BD1F15FC81006B8FC3 /* Info.plist */ = {isa = PBXFileReference; lastKnownFileType = text.plist.xml; path = Info.plist; sourceTree = "<group>"; };
		43B0E8B41F161C560052C687 /* DetailViewController.swift */ = {isa = PBXFileReference; fileEncoding = 4; lastKnownFileType = sourcecode.swift; path = DetailViewController.swift; sourceTree = "<group>"; };
/* End PBXFileReference section */

/* Begin PBXFrameworksBuildPhase section */
		430C54AB1F15FC81006B8FC3 /* Frameworks */ = {
			isa = PBXFrameworksBuildPhase;
			buildActionMask = 2147483647;
			files = (
			);
			runOnlyForDeploymentPostprocessing = 0;
		};
/* End PBXFrameworksBuildPhase section */

/* Begin PBXGroup section */
		430C54A51F15FC81006B8FC3 = {
			isa = PBXGroup;
			children = (
				430C54B01F15FC81006B8FC3 /* PassingData */,
				430C54AF1F15FC81006B8FC3 /* Products */,
			);
			sourceTree = "<group>";
		};
		430C54AF1F15FC81006B8FC3 /* Products */ = {
			isa = PBXGroup;
			children = (
				430C54AE1F15FC81006B8FC3 /* PassingData.app */,
			);
			name = Products;
			sourceTree = "<group>";
		};
		430C54B01F15FC81006B8FC3 /* PassingData */ = {
			isa = PBXGroup;
			children = (
				430C54B11F15FC81006B8FC3 /* AppDelegate.swift */,
				430C54B31F15FC81006B8FC3 /* ViewController.swift */,
				430C54B51F15FC81006B8FC3 /* Main.storyboard */,
				430C54B81F15FC81006B8FC3 /* Assets.xcassets */,
				430C54BA1F15FC81006B8FC3 /* LaunchScreen.storyboard */,
				430C54BD1F15FC81006B8FC3 /* Info.plist */,
				43B0E8B41F161C560052C687 /* DetailViewController.swift */,
			);
			path = PassingData;
			sourceTree = "<group>";
		};
/* End PBXGroup section */

/* Begin PBXNativeTarget section */
		430C54AD1F15FC81006B8FC3 /* PassingData */ = {
			isa = PBXNativeTarget;
			buildConfigurationList = 430C54C01F15FC81006B8FC3 /* Build configuration list for PBXNativeTarget "PassingData" */;
			buildPhases = (
				430C54AA1F15FC81006B8FC3 /* Sources */,
				430C54AB1F15FC81006B8FC3 /* Frameworks */,
				430C54AC1F15FC81006B8FC3 /* Resources */,
			);
			buildRules = (
			);
			dependencies = (
			);
			name = PassingData;
			productName = PassingData;
			productReference = 430C54AE1F15FC81006B8FC3 /* PassingData.app */;
			productType = "com.apple.product-type.application";
		};
/* End PBXNativeTarget section */

/* Begin PBXProject section */
		430C54A61F15FC81006B8FC3 /* Project object */ = {
			isa = PBXProject;
			attributes = {
				LastSwiftUpdateCheck = 0830;
				LastUpgradeCheck = 0830;
				ORGANIZATIONNAME = Purva;
				TargetAttributes = {
					430C54AD1F15FC81006B8FC3 = {
						CreatedOnToolsVersion = 8.3.2;
						ProvisioningStyle = Automatic;
					};
				};
			};
			buildConfigurationList = 430C54A91F15FC81006B8FC3 /* Build configuration list for PBXProject "PassingData" */;
			compatibilityVersion = "Xcode 3.2";
			developmentRegion = English;
			hasScannedForEncodings = 0;
			knownRegions = (
				en,
				Base,
			);
			mainGroup = 430C54A51F15FC81006B8FC3;
			productRefGroup = 430C54AF1F15FC81006B8FC3 /* Products */;
			projectDirPath = "";
			projectRoot = "";
			targets = (
				430C54AD1F15FC81006B8FC3 /* PassingData */,
			);
		};
/* End PBXProject section */

/* Begin PBXResourcesBuildPhase section */
		430C54AC1F15FC81006B8FC3 /* Resources */ = {
			isa = PBXResourcesBuildPhase;
			buildActionMask = 2147483647;
			files = (
				430C54BC1F15FC81006B8FC3 /* LaunchScreen.storyboard in Resources */,
				430C54B91F15FC81006B8FC3 /* Assets.xcassets in Resources */,
				430C54B71F15FC81006B8FC3 /* Main.storyboard in Resources */,
			);
			runOnlyForDeploymentPostprocessing = 0;
		};
/* End PBXResourcesBuildPhase section */

/* Begin PBXSourcesBuildPhase section */
		430C54AA1F15FC81006B8FC3 /* Sources */ = {
			isa = PBXSourcesBuildPhase;
			buildActionMask = 2147483647;
			files = (
				43B0E8B51F161C560052C687 /* DetailViewController.swift in Sources */,
				430C54B41F15FC81006B8FC3 /* ViewController.swift in Sources */,
				430C54B21F15FC81006B8FC3 /* AppDelegate.swift in Sources */,
			);
			runOnlyForDeploymentPostprocessing = 0;
		};
/* End PBXSourcesBuildPhase section */

/* Begin PBXVariantGroup section */
		430C54B51F15FC81006B8FC3 /* Main.storyboard */ = {
			isa = PBXVariantGroup;
			children = (
				430C54B61F15FC81006B8FC3 /* Base */,
			);
			name = Main.storyboard;
			sourceTree = "<group>";
		};
		430C54BA1F15FC81006B8FC3 /* LaunchScreen.storyboard */ = {
			isa = PBXVariantGroup;
			children = (
				430C54BB1F15FC81006B8FC3 /* Base */,
			);
			name = LaunchScreen.storyboard;
			sourceTree = "<group>";
		};
/* End PBXVariantGroup section */

/* Begin XCBuildConfiguration section */
		430C54BE1F15FC81006B8FC3 /* Debug */ = {
			isa = XCBuildConfiguration;
			buildSettings = {
				ALWAYS_SEARCH_USER_PATHS = NO;
				CLANG_ANALYZER_NONNULL = YES;
				CLANG_ANALYZER_NUMBER_OBJECT_CONVERSION = YES_AGGRESSIVE;
				CLANG_CXX_LANGUAGE_STANDARD = "gnu++0x";
				CLANG_CXX_LIBRARY = "libc++";
				CLANG_ENABLE_MODULES = YES;
				CLANG_ENABLE_OBJC_ARC = YES;
				CLANG_WARN_BOOL_CONVERSION = YES;
				CLANG_WARN_CONSTANT_CONVERSION = YES;
				CLANG_WARN_DIRECT_OBJC_ISA_USAGE = YES_ERROR;
				CLANG_WARN_DOCUMENTATION_COMMENTS = YES;
				CLANG_WARN_EMPTY_BODY = YES;
				CLANG_WARN_ENUM_CONVERSION = YES;
				CLANG_WARN_INFINITE_RECURSION = YES;
				CLANG_WARN_INT_CONVERSION = YES;
				CLANG_WARN_OBJC_ROOT_CLASS = YES_ERROR;
				CLANG_WARN_SUSPICIOUS_MOVE = YES;
				CLANG_WARN_UNREACHABLE_CODE = YES;
				CLANG_WARN__DUPLICATE_METHOD_MATCH = YES;
				"CODE_SIGN_IDENTITY[sdk=iphoneos*]" = "iPhone Developer";
				COPY_PHASE_STRIP = NO;
				DEBUG_INFORMATION_FORMAT = dwarf;
				ENABLE_STRICT_OBJC_MSGSEND = YES;
				ENABLE_TESTABILITY = YES;
				GCC_C_LANGUAGE_STANDARD = gnu99;
				GCC_DYNAMIC_NO_PIC = NO;
				GCC_NO_COMMON_BLOCKS = YES;
				GCC_OPTIMIZATION_LEVEL = 0;
				GCC_PREPROCESSOR_DEFINITIONS = (
					"DEBUG=1",
					"$(inherited)",
				);
				GCC_WARN_64_TO_32_BIT_CONVERSION = YES;
				GCC_WARN_ABOUT_RETURN_TYPE = YES_ERROR;
				GCC_WARN_UNDECLARED_SELECTOR = YES;
				GCC_WARN_UNINITIALIZED_AUTOS = YES_AGGRESSIVE;
				GCC_WARN_UNUSED_FUNCTION = YES;
				GCC_WARN_UNUSED_VARIABLE = YES;
				IPHONEOS_DEPLOYMENT_TARGET = 10.3;
				MTL_ENABLE_DEBUG_INFO = YES;
				ONLY_ACTIVE_ARCH = YES;
				SDKROOT = iphoneos;
				SWIFT_ACTIVE_COMPILATION_CONDITIONS = DEBUG;
				SWIFT_OPTIMIZATION_LEVEL = "-Onone";
			};
			name = Debug;
		};
		430C54BF1F15FC81006B8FC3 /* Release */ = {
			isa = XCBuildConfiguration;
			buildSettings = {
				ALWAYS_SEARCH_USER_PATHS = NO;
				CLANG_ANALYZER_NONNULL = YES;
				CLANG_ANALYZER_NUMBER_OBJECT_CONVERSION = YES_AGGRESSIVE;
				CLANG_CXX_LANGUAGE_STANDARD = "gnu++0x";
				CLANG_CXX_LIBRARY = "libc++";
				CLANG_ENABLE_MODULES = YES;
				CLANG_ENABLE_OBJC_ARC = YES;
				CLANG_WARN_BOOL_CONVERSION = YES;
				CLANG_WARN_CONSTANT_CONVERSION = YES;
				CLANG_WARN_DIRECT_OBJC_ISA_USAGE = YES_ERROR;
				CLANG_WARN_DOCUMENTATION_COMMENTS = YES;
				CLANG_WARN_EMPTY_BODY = YES;
				CLANG_WARN_ENUM_CONVERSION = YES;
				CLANG_WARN_INFINITE_RECURSION = YES;
				CLANG_WARN_INT_CONVERSION = YES;
				CLANG_WARN_OBJC_ROOT_CLASS = YES_ERROR;
				CLANG_WARN_SUSPICIOUS_MOVE = YES;
				CLANG_WARN_UNREACHABLE_CODE = YES;
				CLANG_WARN__DUPLICATE_METHOD_MATCH = YES;
				"CODE_SIGN_IDENTITY[sdk=iphoneos*]" = "iPhone Developer";
				COPY_PHASE_STRIP = NO;
				DEBUG_INFORMATION_FORMAT = "dwarf-with-dsym";
				ENABLE_NS_ASSERTIONS = NO;
				ENABLE_STRICT_OBJC_MSGSEND = YES;
				GCC_C_LANGUAGE_STANDARD = gnu99;
				GCC_NO_COMMON_BLOCKS = YES;
				GCC_WARN_64_TO_32_BIT_CONVERSION = YES;
				GCC_WARN_ABOUT_RETURN_TYPE = YES_ERROR;
				GCC_WARN_UNDECLARED_SELECTOR = YES;
				GCC_WARN_UNINITIALIZED_AUTOS = YES_AGGRESSIVE;
				GCC_WARN_UNUSED_FUNCTION = YES;
				GCC_WARN_UNUSED_VARIABLE = YES;
				IPHONEOS_DEPLOYMENT_TARGET = 10.3;
				MTL_ENABLE_DEBUG_INFO = NO;
				SDKROOT = iphoneos;
				SWIFT_OPTIMIZATION_LEVEL = "-Owholemodule";
				VALIDATE_PRODUCT = YES;
			};
			name = Release;
		};
		430C54C11F15FC81006B8FC3 /* Debug */ = {
			isa = XCBuildConfiguration;
			buildSettings = {
				ASSETCATALOG_COMPILER_APPICON_NAME = AppIcon;
				INFOPLIST_FILE = PassingData/Info.plist;
				LD_RUNPATH_SEARCH_PATHS = "$(inherited) @executable_path/Frameworks";
				PRODUCT_BUNDLE_IDENTIFIER = com..PassingData;
				PRODUCT_NAME = "$(TARGET_NAME)";
				SWIFT_VERSION = 3.0;
			};
			name = Debug;
		};
		430C54C21F15FC81006B8FC3 /* Release */ = {
			isa = XCBuildConfiguration;
			buildSettings = {
				ASSETCATALOG_COMPILER_APPICON_NAME = AppIcon;
				INFOPLIST_FILE = PassingData/Info.plist;
				LD_RUNPATH_SEARCH_PATHS = "$(inherited) @executable_path/Frameworks";
				PRODUCT_BUNDLE_IDENTIFIER = com..PassingData;
				PRODUCT_NAME = "$(TARGET_NAME)";
				SWIFT_VERSION = 3.0;
			};
			name = Release;
		};
/* End XCBuildConfiguration section */

/* Begin XCConfigurationList section */
		430C54A91F15FC81006B8FC3 /* Build configuration list for PBXProject "PassingData" */ = {
			isa = XCConfigurationList;
			buildConfigurations = (
				430C54BE1F15FC81006B8FC3 /* Debug */,
				430C54BF1F15FC81006B8FC3 /* Release */,
			);
			defaultConfigurationIsVisible = 0;
			defaultConfigurationName = Release;
		};
		430C54C01F15FC81006B8FC3 /* Build configuration list for PBXNativeTarget "PassingData" */ = {
			isa = XCConfigurationList;
			buildConfigurations = (
				430C54C11F15FC81006B8FC3 /* Debug */,
				430C54C21F15FC81006B8FC3 /* Release */,
			);
			defaultConfigurationIsVisible = 0;
			defaultConfigurationName = Release;
		};
/* End XCConfigurationList section */
	};
	rootObject = 430C54A61F15FC81006B8FC3 /* Project object */;
}
